
Microsoft Visual Studio Solution File, Format Version 12.00
# Visual Studio Version 16
VisualStudioVersion = 16.0.29418.71
MinimumVisualStudioVersion = 10.0.40219.1
Project("{FAE04EC0-301F-11D3-BF4B-00C04F79EFBC}") = "SendOrGetFile", "SendOrGetFile\SendOrGetFile.csproj", "{BE7223A8-6FF3-4F89-83BD-2AD4C4C0885F}"
EndProject
Global
	GlobalSection(SolutionConfigurationPlatforms) = preSolution
		Debug|Any CPU = Debug|Any CPU
		Release|Any CPU = Release|Any CPU
	EndGlobalSection
	GlobalSection(ProjectConfigurationPlatforms) = postSolution
		{BE7223A8-6FF3-4F89-83BD-2AD4C4C0885F}.Debug|Any CPU.ActiveCfg = Debug|Any CPU
		{BE7223A8-6FF3-4F89-83BD-2AD4C4C0885F}.Debug|Any CPU.Build.0 = Debug|Any CPU
		{BE7223A8-6FF3-4F89-83BD-2AD4C4C0885F}.Release|Any CPU.ActiveCfg = Release|Any CPU
		{BE7223A8-6FF3-4F89-83BD-2AD4C4C0885F}.Release|Any CPU.Build.0 = Release|Any CPU
	EndGlobalSection
	GlobalSection(SolutionProperties) = preSolution
		HideSolutionNode = FALSE
	EndGlobalSection
	GlobalSection(ExtensibilityGlobals) = postSolution
		SolutionGuid = {D457A804-D61B-4FB9-BEC3-A3A9C4DCC09A}
	EndGlobalSection
EndGlobal
