
Microsoft Visual Studio Solution File, Format Version 12.00
# Visual Studio Version 16
VisualStudioVersion = 16.0.29418.71
MinimumVisualStudioVersion = 10.0.40219.1
Project("{FAE04EC0-301F-11D3-BF4B-00C04F79EFBC}") = "CommandHandler", "CommandHandler\CommandHandler.csproj", "{D0BF8241-7F8D-4464-B539-E946B8793BA4}"
EndProject
Global
	GlobalSection(SolutionConfigurationPlatforms) = preSolution
		Debug|Any CPU = Debug|Any CPU
		Release|Any CPU = Release|Any CPU
	EndGlobalSection
	GlobalSection(ProjectConfigurationPlatforms) = postSolution
		{D0BF8241-7F8D-4464-B539-E946B8793BA4}.Debug|Any CPU.ActiveCfg = Debug|Any CPU
		{D0BF8241-7F8D-4464-B539-E946B8793BA4}.Debug|Any CPU.Build.0 = Debug|Any CPU
		{D0BF8241-7F8D-4464-B539-E946B8793BA4}.Release|Any CPU.ActiveCfg = Release|Any CPU
		{D0BF8241-7F8D-4464-B539-E946B8793BA4}.Release|Any CPU.Build.0 = Release|Any CPU
	EndGlobalSection
	GlobalSection(SolutionProperties) = preSolution
		HideSolutionNode = FALSE
	EndGlobalSection
	GlobalSection(ExtensibilityGlobals) = postSolution
		SolutionGuid = {7CE1A9BF-4AD4-440E-A6DB-47D41018BD33}
	EndGlobalSection
EndGlobal
